// !$*UTF8*$!
{
	archiveVersion = 1;
	classes = {
	};
	objectVersion = 56;
	objects = {

/* Begin PBXBuildFile section */
		FFA1C5ED2BC6FFA7003BAAD8 /* LandmarksApp.swift in Sources */ = {isa = PBXBuildFile; fileRef = FFA1C5EC2BC6FFA7003BAAD8 /* LandmarksApp.swift */; };
		FFA1C5EF2BC6FFA7003BAAD8 /* ContentView.swift in Sources */ = {isa = PBXBuildFile; fileRef = FFA1C5EE2BC6FFA7003BAAD8 /* ContentView.swift */; };
		FFA1C5F12BC6FFA8003BAAD8 /* Assets.xcassets in Resources */ = {isa = PBXBuildFile; fileRef = FFA1C5F02BC6FFA8003BAAD8 /* Assets.xcassets */; };
		FFA1C5F42BC6FFA8003BAAD8 /* Preview Assets.xcassets in Resources */ = {isa = PBXBuildFile; fileRef = FFA1C5F32BC6FFA8003BAAD8 /* Preview Assets.xcassets */; };
		FFA1C5FD2BC7044A003BAAD8 /* CircleImage.swift in Sources */ = {isa = PBXBuildFile; fileRef = FFA1C5FC2BC7044A003BAAD8 /* CircleImage.swift */; };
		FFA1C5FF2BC70539003BAAD8 /* MapView.swift in Sources */ = {isa = PBXBuildFile; fileRef = FFA1C5FE2BC70539003BAAD8 /* MapView.swift */; };
		FFA1C6012BC708E5003BAAD8 /* landmarkData.json in Resources */ = {isa = PBXBuildFile; fileRef = FFA1C6002BC708E5003BAAD8 /* landmarkData.json */; };
		FFA1C6032BC708FD003BAAD8 /* Landmark.swift in Sources */ = {isa = PBXBuildFile; fileRef = FFA1C6022BC708FD003BAAD8 /* Landmark.swift */; };
		FFA1C6052BC70B0D003BAAD8 /* ModelData.swift in Sources */ = {isa = PBXBuildFile; fileRef = FFA1C6042BC70B0D003BAAD8 /* ModelData.swift */; };
		FFA1C60A2BC71223003BAAD8 /* LandmarkRow.swift in Sources */ = {isa = PBXBuildFile; fileRef = FFA1C6092BC71223003BAAD8 /* LandmarkRow.swift */; };
		FFA1C60C2BC71429003BAAD8 /* LandmarkList.swift in Sources */ = {isa = PBXBuildFile; fileRef = FFA1C60B2BC71429003BAAD8 /* LandmarkList.swift */; };
		FFA1C60E2BC71589003BAAD8 /* LandmarkDetail.swift in Sources */ = {isa = PBXBuildFile; fileRef = FFA1C60D2BC71589003BAAD8 /* LandmarkDetail.swift */; };
		FFA1C6102BC71F7D003BAAD8 /* FavoriteButton.swift in Sources */ = {isa = PBXBuildFile; fileRef = FFA1C60F2BC71F7D003BAAD8 /* FavoriteButton.swift */; };
/* End PBXBuildFile section */

/* Begin PBXFileReference section */
		FFA1C5E92BC6FFA7003BAAD8 /* Landmarks.app */ = {isa = PBXFileReference; explicitFileType = wrapper.application; includeInIndex = 0; path = Landmarks.app; sourceTree = BUILT_PRODUCTS_DIR; };
		FFA1C5EC2BC6FFA7003BAAD8 /* LandmarksApp.swift */ = {isa = PBXFileReference; lastKnownFileType = sourcecode.swift; path = LandmarksApp.swift; sourceTree = "<group>"; };
		FFA1C5EE2BC6FFA7003BAAD8 /* ContentView.swift */ = {isa = PBXFileReference; lastKnownFileType = sourcecode.swift; path = ContentView.swift; sourceTree = "<group>"; };
		FFA1C5F02BC6FFA8003BAAD8 /* Assets.xcassets */ = {isa = PBXFileReference; lastKnownFileType = folder.assetcatalog; path = Assets.xcassets; sourceTree = "<group>"; };
		FFA1C5F32BC6FFA8003BAAD8 /* Preview Assets.xcassets */ = {isa = PBXFileReference; lastKnownFileType = folder.assetcatalog; path = "Preview Assets.xcassets"; sourceTree = "<group>"; };
		FFA1C5FC2BC7044A003BAAD8 /* CircleImage.swift */ = {isa = PBXFileReference; lastKnownFileType = sourcecode.swift; path = CircleImage.swift; sourceTree = "<group>"; };
		FFA1C5FE2BC70539003BAAD8 /* MapView.swift */ = {isa = PBXFileReference; lastKnownFileType = sourcecode.swift; path = MapView.swift; sourceTree = "<group>"; };
		FFA1C6002BC708E5003BAAD8 /* landmarkData.json */ = {isa = PBXFileReference; fileEncoding = 4; lastKnownFileType = text.json; path = landmarkData.json; sourceTree = "<group>"; };
		FFA1C6022BC708FD003BAAD8 /* Landmark.swift */ = {isa = PBXFileReference; lastKnownFileType = sourcecode.swift; path = Landmark.swift; sourceTree = "<group>"; };
		FFA1C6042BC70B0D003BAAD8 /* ModelData.swift */ = {isa = PBXFileReference; lastKnownFileType = sourcecode.swift; path = ModelData.swift; sourceTree = "<group>"; };
		FFA1C6092BC71223003BAAD8 /* LandmarkRow.swift */ = {isa = PBXFileReference; lastKnownFileType = sourcecode.swift; path = LandmarkRow.swift; sourceTree = "<group>"; };
		FFA1C60B2BC71429003BAAD8 /* LandmarkList.swift */ = {isa = PBXFileReference; lastKnownFileType = sourcecode.swift; path = LandmarkList.swift; sourceTree = "<group>"; };
		FFA1C60D2BC71589003BAAD8 /* LandmarkDetail.swift */ = {isa = PBXFileReference; lastKnownFileType = sourcecode.swift; path = LandmarkDetail.swift; sourceTree = "<group>"; };
		FFA1C60F2BC71F7D003BAAD8 /* FavoriteButton.swift */ = {isa = PBXFileReference; lastKnownFileType = sourcecode.swift; path = FavoriteButton.swift; sourceTree = "<group>"; };
/* End PBXFileReference section */

/* Begin PBXFrameworksBuildPhase section */
		FFA1C5E62BC6FFA7003BAAD8 /* Frameworks */ = {
			isa = PBXFrameworksBuildPhase;
			buildActionMask = 2147483647;
			files = (
			);
			runOnlyForDeploymentPostprocessing = 0;
		};
/* End PBXFrameworksBuildPhase section */

/* Begin PBXGroup section */
		FFA1C5E02BC6FFA7003BAAD8 = {
			isa = PBXGroup;
			children = (
				FFA1C5EB2BC6FFA7003BAAD8 /* Landmarks */,
				FFA1C5EA2BC6FFA7003BAAD8 /* Products */,
			);
			sourceTree = "<group>";
		};
		FFA1C5EA2BC6FFA7003BAAD8 /* Products */ = {
			isa = PBXGroup;
			children = (
				FFA1C5E92BC6FFA7003BAAD8 /* Landmarks.app */,
			);
			name = Products;
			sourceTree = "<group>";
		};
		FFA1C5EB2BC6FFA7003BAAD8 /* Landmarks */ = {
			isa = PBXGroup;
			children = (
				FFA1C6122BC71FCD003BAAD8 /* Landmarks */,
				FFA1C6112BC71FB1003BAAD8 /* Helper */,
				FFA1C5EC2BC6FFA7003BAAD8 /* LandmarksApp.swift */,
				FFA1C6062BC70BF8003BAAD8 /* Views */,
				FFA1C6082BC70C0E003BAAD8 /* Resources */,
				FFA1C6072BC70C03003BAAD8 /* Model */,
				FFA1C5F02BC6FFA8003BAAD8 /* Assets.xcassets */,
				FFA1C5F22BC6FFA8003BAAD8 /* Preview Content */,
			);
			path = Landmarks;
			sourceTree = "<group>";
		};
		FFA1C5F22BC6FFA8003BAAD8 /* Preview Content */ = {
			isa = PBXGroup;
			children = (
				FFA1C5F32BC6FFA8003BAAD8 /* Preview Assets.xcassets */,
			);
			path = "Preview Content";
			sourceTree = "<group>";
		};
		FFA1C6062BC70BF8003BAAD8 /* Views */ = {
			isa = PBXGroup;
			children = (
				FFA1C5EE2BC6FFA7003BAAD8 /* ContentView.swift */,
			);
			path = Views;
			sourceTree = "<group>";
		};
		FFA1C6072BC70C03003BAAD8 /* Model */ = {
			isa = PBXGroup;
			children = (
				FFA1C6042BC70B0D003BAAD8 /* ModelData.swift */,
				FFA1C6022BC708FD003BAAD8 /* Landmark.swift */,
			);
			path = Model;
			sourceTree = "<group>";
		};
		FFA1C6082BC70C0E003BAAD8 /* Resources */ = {
			isa = PBXGroup;
			children = (
				FFA1C6002BC708E5003BAAD8 /* landmarkData.json */,
			);
			path = Resources;
			sourceTree = "<group>";
		};
		FFA1C6112BC71FB1003BAAD8 /* Helper */ = {
			isa = PBXGroup;
			children = (
				FFA1C60F2BC71F7D003BAAD8 /* FavoriteButton.swift */,
				FFA1C5FE2BC70539003BAAD8 /* MapView.swift */,
				FFA1C5FC2BC7044A003BAAD8 /* CircleImage.swift */,
			);
			path = Helper;
			sourceTree = "<group>";
		};
		FFA1C6122BC71FCD003BAAD8 /* Landmarks */ = {
			isa = PBXGroup;
			children = (
				FFA1C60B2BC71429003BAAD8 /* LandmarkList.swift */,
				FFA1C6092BC71223003BAAD8 /* LandmarkRow.swift */,
				FFA1C60D2BC71589003BAAD8 /* LandmarkDetail.swift */,
			);
			path = Landmarks;
			sourceTree = "<group>";
		};
/* End PBXGroup section */

/* Begin PBXNativeTarget section */
		FFA1C5E82BC6FFA7003BAAD8 /* Landmarks */ = {
			isa = PBXNativeTarget;
			buildConfigurationList = FFA1C5F72BC6FFA8003BAAD8 /* Build configuration list for PBXNativeTarget "Landmarks" */;
			buildPhases = (
				FFA1C5E52BC6FFA7003BAAD8 /* Sources */,
				FFA1C5E62BC6FFA7003BAAD8 /* Frameworks */,
				FFA1C5E72BC6FFA7003BAAD8 /* Resources */,
			);
			buildRules = (
			);
			dependencies = (
			);
			name = Landmarks;
			productName = Landmarks;
			productReference = FFA1C5E92BC6FFA7003BAAD8 /* Landmarks.app */;
			productType = "com.apple.product-type.application";
		};
/* End PBXNativeTarget section */

/* Begin PBXProject section */
		FFA1C5E12BC6FFA7003BAAD8 /* Project object */ = {
			isa = PBXProject;
			attributes = {
				BuildIndependentTargetsInParallel = 1;
				LastSwiftUpdateCheck = 1530;
				LastUpgradeCheck = 1530;
				TargetAttributes = {
					FFA1C5E82BC6FFA7003BAAD8 = {
						CreatedOnToolsVersion = 15.3;
					};
				};
			};
			buildConfigurationList = FFA1C5E42BC6FFA7003BAAD8 /* Build configuration list for PBXProject "Landmarks" */;
			compatibilityVersion = "Xcode 14.0";
			developmentRegion = en;
			hasScannedForEncodings = 0;
			knownRegions = (
				en,
				Base,
			);
			mainGroup = FFA1C5E02BC6FFA7003BAAD8;
			productRefGroup = FFA1C5EA2BC6FFA7003BAAD8 /* Products */;
			projectDirPath = "";
			projectRoot = "";
			targets = (
				FFA1C5E82BC6FFA7003BAAD8 /* Landmarks */,
			);
		};
/* End PBXProject section */

/* Begin PBXResourcesBuildPhase section */
		FFA1C5E72BC6FFA7003BAAD8 /* Resources */ = {
			isa = PBXResourcesBuildPhase;
			buildActionMask = 2147483647;
			files = (
				FFA1C5F42BC6FFA8003BAAD8 /* Preview Assets.xcassets in Resources */,
				FFA1C5F12BC6FFA8003BAAD8 /* Assets.xcassets in Resources */,
				FFA1C6012BC708E5003BAAD8 /* landmarkData.json in Resources */,
			);
			runOnlyForDeploymentPostprocessing = 0;
		};
/* End PBXResourcesBuildPhase section */

/* Begin PBXSourcesBuildPhase section */
		FFA1C5E52BC6FFA7003BAAD8 /* Sources */ = {
			isa = PBXSourcesBuildPhase;
			buildActionMask = 2147483647;
			files = (
				FFA1C5EF2BC6FFA7003BAAD8 /* ContentView.swift in Sources */,
				FFA1C6052BC70B0D003BAAD8 /* ModelData.swift in Sources */,
				FFA1C5FF2BC70539003BAAD8 /* MapView.swift in Sources */,
				FFA1C6102BC71F7D003BAAD8 /* FavoriteButton.swift in Sources */,
				FFA1C60C2BC71429003BAAD8 /* LandmarkList.swift in Sources */,
				FFA1C60E2BC71589003BAAD8 /* LandmarkDetail.swift in Sources */,
				FFA1C5ED2BC6FFA7003BAAD8 /* LandmarksApp.swift in Sources */,
				FFA1C5FD2BC7044A003BAAD8 /* CircleImage.swift in Sources */,
				FFA1C60A2BC71223003BAAD8 /* LandmarkRow.swift in Sources */,
				FFA1C6032BC708FD003BAAD8 /* Landmark.swift in Sources */,
			);
			runOnlyForDeploymentPostprocessing = 0;
		};
/* End PBXSourcesBuildPhase section */

/* Begin XCBuildConfiguration section */
		FFA1C5F52BC6FFA8003BAAD8 /* Debug */ = {
			isa = XCBuildConfiguration;
			buildSettings = {
				ALWAYS_SEARCH_USER_PATHS = NO;
				ASSETCATALOG_COMPILER_GENERATE_SWIFT_ASSET_SYMBOL_EXTENSIONS = YES;
				CLANG_ANALYZER_NONNULL = YES;
				CLANG_ANALYZER_NUMBER_OBJECT_CONVERSION = YES_AGGRESSIVE;
				CLANG_CXX_LANGUAGE_STANDARD = "gnu++20";
				CLANG_ENABLE_MODULES = YES;
				CLANG_ENABLE_OBJC_ARC = YES;
				CLANG_ENABLE_OBJC_WEAK = YES;
				CLANG_WARN_BLOCK_CAPTURE_AUTORELEASING = YES;
				CLANG_WARN_BOOL_CONVERSION = YES;
				CLANG_WARN_COMMA = YES;
				CLANG_WARN_CONSTANT_CONVERSION = YES;
				CLANG_WARN_DEPRECATED_OBJC_IMPLEMENTATIONS = YES;
				CLANG_WARN_DIRECT_OBJC_ISA_USAGE = YES_ERROR;
				CLANG_WARN_DOCUMENTATION_COMMENTS = YES;
				CLANG_WARN_EMPTY_BODY = YES;
				CLANG_WARN_ENUM_CONVERSION = YES;
				CLANG_WARN_INFINITE_RECURSION = YES;
				CLANG_WARN_INT_CONVERSION = YES;
				CLANG_WARN_NON_LITERAL_NULL_CONVERSION = YES;
				CLANG_WARN_OBJC_IMPLICIT_RETAIN_SELF = YES;
				CLANG_WARN_OBJC_LITERAL_CONVERSION = YES;
				CLANG_WARN_OBJC_ROOT_CLASS = YES_ERROR;
				CLANG_WARN_QUOTED_INCLUDE_IN_FRAMEWORK_HEADER = YES;
				CLANG_WARN_RANGE_LOOP_ANALYSIS = YES;
				CLANG_WARN_STRICT_PROTOTYPES = YES;
				CLANG_WARN_SUSPICIOUS_MOVE = YES;
				CLANG_WARN_UNGUARDED_AVAILABILITY = YES_AGGRESSIVE;
				CLANG_WARN_UNREACHABLE_CODE = YES;
				CLANG_WARN__DUPLICATE_METHOD_MATCH = YES;
				COPY_PHASE_STRIP = NO;
				DEBUG_INFORMATION_FORMAT = dwarf;
				ENABLE_STRICT_OBJC_MSGSEND = YES;
				ENABLE_TESTABILITY = YES;
				ENABLE_USER_SCRIPT_SANDBOXING = YES;
				GCC_C_LANGUAGE_STANDARD = gnu17;
				GCC_DYNAMIC_NO_PIC = NO;
				GCC_NO_COMMON_BLOCKS = YES;
				GCC_OPTIMIZATION_LEVEL = 0;
				GCC_PREPROCESSOR_DEFINITIONS = (
					"DEBUG=1",
					"$(inherited)",
				);
				GCC_WARN_64_TO_32_BIT_CONVERSION = YES;
				GCC_WARN_ABOUT_RETURN_TYPE = YES_ERROR;
				GCC_WARN_UNDECLARED_SELECTOR = YES;
				GCC_WARN_UNINITIALIZED_AUTOS = YES_AGGRESSIVE;
				GCC_WARN_UNUSED_FUNCTION = YES;
				GCC_WARN_UNUSED_VARIABLE = YES;
				IPHONEOS_DEPLOYMENT_TARGET = 17.4;
				LOCALIZATION_PREFERS_STRING_CATALOGS = YES;
				MTL_ENABLE_DEBUG_INFO = INCLUDE_SOURCE;
				MTL_FAST_MATH = YES;
				ONLY_ACTIVE_ARCH = YES;
				SDKROOT = iphoneos;
				SWIFT_ACTIVE_COMPILATION_CONDITIONS = "DEBUG $(inherited)";
				SWIFT_OPTIMIZATION_LEVEL = "-Onone";
			};
			name = Debug;
		};
		FFA1C5F62BC6FFA8003BAAD8 /* Release */ = {
			isa = XCBuildConfiguration;
			buildSettings = {
				ALWAYS_SEARCH_USER_PATHS = NO;
				ASSETCATALOG_COMPILER_GENERATE_SWIFT_ASSET_SYMBOL_EXTENSIONS = YES;
				CLANG_ANALYZER_NONNULL = YES;
				CLANG_ANALYZER_NUMBER_OBJECT_CONVERSION = YES_AGGRESSIVE;
				CLANG_CXX_LANGUAGE_STANDARD = "gnu++20";
				CLANG_ENABLE_MODULES = YES;
				CLANG_ENABLE_OBJC_ARC = YES;
				CLANG_ENABLE_OBJC_WEAK = YES;
				CLANG_WARN_BLOCK_CAPTURE_AUTORELEASING = YES;
				CLANG_WARN_BOOL_CONVERSION = YES;
				CLANG_WARN_COMMA = YES;
				CLANG_WARN_CONSTANT_CONVERSION = YES;
				CLANG_WARN_DEPRECATED_OBJC_IMPLEMENTATIONS = YES;
				CLANG_WARN_DIRECT_OBJC_ISA_USAGE = YES_ERROR;
				CLANG_WARN_DOCUMENTATION_COMMENTS = YES;
				CLANG_WARN_EMPTY_BODY = YES;
				CLANG_WARN_ENUM_CONVERSION = YES;
				CLANG_WARN_INFINITE_RECURSION = YES;
				CLANG_WARN_INT_CONVERSION = YES;
				CLANG_WARN_NON_LITERAL_NULL_CONVERSION = YES;
				CLANG_WARN_OBJC_IMPLICIT_RETAIN_SELF = YES;
				CLANG_WARN_OBJC_LITERAL_CONVERSION = YES;
				CLANG_WARN_OBJC_ROOT_CLASS = YES_ERROR;
				CLANG_WARN_QUOTED_INCLUDE_IN_FRAMEWORK_HEADER = YES;
				CLANG_WARN_RANGE_LOOP_ANALYSIS = YES;
				CLANG_WARN_STRICT_PROTOTYPES = YES;
				CLANG_WARN_SUSPICIOUS_MOVE = YES;
				CLANG_WARN_UNGUARDED_AVAILABILITY = YES_AGGRESSIVE;
				CLANG_WARN_UNREACHABLE_CODE = YES;
				CLANG_WARN__DUPLICATE_METHOD_MATCH = YES;
				COPY_PHASE_STRIP = NO;
				DEBUG_INFORMATION_FORMAT = "dwarf-with-dsym";
				ENABLE_NS_ASSERTIONS = NO;
				ENABLE_STRICT_OBJC_MSGSEND = YES;
				ENABLE_USER_SCRIPT_SANDBOXING = YES;
				GCC_C_LANGUAGE_STANDARD = gnu17;
				GCC_NO_COMMON_BLOCKS = YES;
				GCC_WARN_64_TO_32_BIT_CONVERSION = YES;
				GCC_WARN_ABOUT_RETURN_TYPE = YES_ERROR;
				GCC_WARN_UNDECLARED_SELECTOR = YES;
				GCC_WARN_UNINITIALIZED_AUTOS = YES_AGGRESSIVE;
				GCC_WARN_UNUSED_FUNCTION = YES;
				GCC_WARN_UNUSED_VARIABLE = YES;
				IPHONEOS_DEPLOYMENT_TARGET = 17.4;
				LOCALIZATION_PREFERS_STRING_CATALOGS = YES;
				MTL_ENABLE_DEBUG_INFO = NO;
				MTL_FAST_MATH = YES;
				SDKROOT = iphoneos;
				SWIFT_COMPILATION_MODE = wholemodule;
				VALIDATE_PRODUCT = YES;
			};
			name = Release;
		};
		FFA1C5F82BC6FFA8003BAAD8 /* Debug */ = {
			isa = XCBuildConfiguration;
			buildSettings = {
				ASSETCATALOG_COMPILER_APPICON_NAME = AppIcon;
				ASSETCATALOG_COMPILER_GLOBAL_ACCENT_COLOR_NAME = AccentColor;
				CODE_SIGN_STYLE = Automatic;
				CURRENT_PROJECT_VERSION = 1;
				DEVELOPMENT_ASSET_PATHS = "\"Landmarks/Preview Content\"";
				ENABLE_PREVIEWS = YES;
				GENERATE_INFOPLIST_FILE = YES;
				INFOPLIST_KEY_UIApplicationSceneManifest_Generation = YES;
				INFOPLIST_KEY_UIApplicationSupportsIndirectInputEvents = YES;
				INFOPLIST_KEY_UILaunchScreen_Generation = YES;
				INFOPLIST_KEY_UISupportedInterfaceOrientations_iPad = "UIInterfaceOrientationPortrait UIInterfaceOrientationPortraitUpsideDown UIInterfaceOrientationLandscapeLeft UIInterfaceOrientationLandscapeRight";
				INFOPLIST_KEY_UISupportedInterfaceOrientations_iPhone = "UIInterfaceOrientationPortrait UIInterfaceOrientationLandscapeLeft UIInterfaceOrientationLandscapeRight";
				LD_RUNPATH_SEARCH_PATHS = (
					"$(inherited)",
					"@executable_path/Frameworks",
				);
				MARKETING_VERSION = 1.0;
				PRODUCT_BUNDLE_IDENTIFIER = com.landmark.Landmarks;
				PRODUCT_NAME = "$(TARGET_NAME)";
				SWIFT_EMIT_LOC_STRINGS = YES;
				SWIFT_VERSION = 5.0;
				TARGETED_DEVICE_FAMILY = "1,2";
			};
			name = Debug;
		};
		FFA1C5F92BC6FFA8003BAAD8 /* Release */ = {
			isa = XCBuildConfiguration;
			buildSettings = {
				ASSETCATALOG_COMPILER_APPICON_NAME = AppIcon;
				ASSETCATALOG_COMPILER_GLOBAL_ACCENT_COLOR_NAME = AccentColor;
				CODE_SIGN_STYLE = Automatic;
				CURRENT_PROJECT_VERSION = 1;
				DEVELOPMENT_ASSET_PATHS = "\"Landmarks/Preview Content\"";
				ENABLE_PREVIEWS = YES;
				GENERATE_INFOPLIST_FILE = YES;
				INFOPLIST_KEY_UIApplicationSceneManifest_Generation = YES;
				INFOPLIST_KEY_UIApplicationSupportsIndirectInputEvents = YES;
				INFOPLIST_KEY_UILaunchScreen_Generation = YES;
				INFOPLIST_KEY_UISupportedInterfaceOrientations_iPad = "UIInterfaceOrientationPortrait UIInterfaceOrientationPortraitUpsideDown UIInterfaceOrientationLandscapeLeft UIInterfaceOrientationLandscapeRight";
				INFOPLIST_KEY_UISupportedInterfaceOrientations_iPhone = "UIInterfaceOrientationPortrait UIInterfaceOrientationLandscapeLeft UIInterfaceOrientationLandscapeRight";
				LD_RUNPATH_SEARCH_PATHS = (
					"$(inherited)",
					"@executable_path/Frameworks",
				);
				MARKETING_VERSION = 1.0;
				PRODUCT_BUNDLE_IDENTIFIER = com.landmark.Landmarks;
				PRODUCT_NAME = "$(TARGET_NAME)";
				SWIFT_EMIT_LOC_STRINGS = YES;
				SWIFT_VERSION = 5.0;
				TARGETED_DEVICE_FAMILY = "1,2";
			};
			name = Release;
		};
/* End XCBuildConfiguration section */

/* Begin XCConfigurationList section */
		FFA1C5E42BC6FFA7003BAAD8 /* Build configuration list for PBXProject "Landmarks" */ = {
			isa = XCConfigurationList;
			buildConfigurations = (
				FFA1C5F52BC6FFA8003BAAD8 /* Debug */,
				FFA1C5F62BC6FFA8003BAAD8 /* Release */,
			);
			defaultConfigurationIsVisible = 0;
			defaultConfigurationName = Release;
		};
		FFA1C5F72BC6FFA8003BAAD8 /* Build configuration list for PBXNativeTarget "Landmarks" */ = {
			isa = XCConfigurationList;
			buildConfigurations = (
				FFA1C5F82BC6FFA8003BAAD8 /* Debug */,
				FFA1C5F92BC6FFA8003BAAD8 /* Release */,
			);
			defaultConfigurationIsVisible = 0;
			defaultConfigurationName = Release;
		};
/* End XCConfigurationList section */
	};
	rootObject = FFA1C5E12BC6FFA7003BAAD8 /* Project object */;
}
